
Microsoft Visual Studio Solution File, Format Version 12.00
# Visual Studio Version 17
VisualStudioVersion = 17.4.33110.190
MinimumVisualStudioVersion = 10.0.40219.1
Project("{FAE04EC0-301F-11D3-BF4B-00C04F79EFBC}") = "06-linq-dotnet-6", "06-lingq-dotnet-6\06-linq-dotnet-6.csproj", "{DCA326E1-32AC-4377-977D-8DD6A6BCD64B}"
EndProject
Project("{FAE04EC0-301F-11D3-BF4B-00C04F79EFBC}") = "06-linq-dotnet-5", "..\06-linq-dotnet-5\06-linq-dotnet-5.csproj", "{DE13D7E4-1371-4651-A058-61C6451C787D}"
EndProject
Global
	GlobalSection(SolutionConfigurationPlatforms) = preSolution
		Debug|Any CPU = Debug|Any CPU
		Release|Any CPU = Release|Any CPU
	EndGlobalSection
	GlobalSection(ProjectConfigurationPlatforms) = postSolution
		{DCA326E1-32AC-4377-977D-8DD6A6BCD64B}.Debug|Any CPU.ActiveCfg = Debug|Any CPU
		{DCA326E1-32AC-4377-977D-8DD6A6BCD64B}.Debug|Any CPU.Build.0 = Debug|Any CPU
		{DCA326E1-32AC-4377-977D-8DD6A6BCD64B}.Release|Any CPU.ActiveCfg = Release|Any CPU
		{DCA326E1-32AC-4377-977D-8DD6A6BCD64B}.Release|Any CPU.Build.0 = Release|Any CPU
		{DE13D7E4-1371-4651-A058-61C6451C787D}.Debug|Any CPU.ActiveCfg = Debug|Any CPU
		{DE13D7E4-1371-4651-A058-61C6451C787D}.Debug|Any CPU.Build.0 = Debug|Any CPU
		{DE13D7E4-1371-4651-A058-61C6451C787D}.Release|Any CPU.ActiveCfg = Release|Any CPU
		{DE13D7E4-1371-4651-A058-61C6451C787D}.Release|Any CPU.Build.0 = Release|Any CPU
	EndGlobalSection
	GlobalSection(SolutionProperties) = preSolution
		HideSolutionNode = FALSE
	EndGlobalSection
	GlobalSection(ExtensibilityGlobals) = postSolution
		SolutionGuid = {729F4846-25AB-483D-9282-6CCE9A5BE6F3}
	EndGlobalSection
EndGlobal
